{
  "name": "remy",
  "version": "1.0.0",
  "lockfileVersion": 2,
  "requires": true,
  "packages": {
    "": {
      "name": "remy",
      "version": "1.0.0",
      "license": "Unlicense",
      "dependencies": {
        "ohm-js": "^16.3.1"
      }
    },
    "node_modules/ohm-js": {
      "version": "16.3.1",
      "resolved": "https://registry.npmjs.org/ohm-js/-/ohm-js-16.3.1.tgz",
      "integrity": "sha512-XqMyhO0XimEWY6iIyIRGw/hGnAE+DZAV7nkM/xI7tKotuc8sbBWkKBnyiG+rRE4mKIvPO+0umkMpP5fgq+RuIQ==",
      "engines": {
        "node": ">=0.12.1"
      }
    }
  },
  "dependencies": {
    "ohm-js": {
      "version": "16.3.1",
      "resolved": "https://registry.npmjs.org/ohm-js/-/ohm-js-16.3.1.tgz",
      "integrity": "sha512-XqMyhO0XimEWY6iIyIRGw/hGnAE+DZAV7nkM/xI7tKotuc8sbBWkKBnyiG+rRE4mKIvPO+0umkMpP5fgq+RuIQ=="
    }
  }
}
